
Microsoft Visual Studio Solution File, Format Version 12.00
# Visual Studio Version 16
VisualStudioVersion = 16.0.31321.278
MinimumVisualStudioVersion = 10.0.40219.1
Project("{FAE04EC0-301F-11D3-BF4B-00C04F79EFBC}") = "FarkliKaydet", "FarkliKaydet.csproj", "{FD774AE6-A4AA-4F56-A30E-F99F55F11B0C}"
EndProject
Global
	GlobalSection(SolutionConfigurationPlatforms) = preSolution
		Debug|Any CPU = Debug|Any CPU
		Release|Any CPU = Release|Any CPU
	EndGlobalSection
	GlobalSection(ProjectConfigurationPlatforms) = postSolution
		{FD774AE6-A4AA-4F56-A30E-F99F55F11B0C}.Debug|Any CPU.ActiveCfg = Debug|Any CPU
		{FD774AE6-A4AA-4F56-A30E-F99F55F11B0C}.Debug|Any CPU.Build.0 = Debug|Any CPU
		{FD774AE6-A4AA-4F56-A30E-F99F55F11B0C}.Release|Any CPU.ActiveCfg = Release|Any CPU
		{FD774AE6-A4AA-4F56-A30E-F99F55F11B0C}.Release|Any CPU.Build.0 = Release|Any CPU
	EndGlobalSection
	GlobalSection(SolutionProperties) = preSolution
		HideSolutionNode = FALSE
	EndGlobalSection
	GlobalSection(ExtensibilityGlobals) = postSolution
		SolutionGuid = {45126692-1124-4CB5-8D68-BE5C699E1220}
	EndGlobalSection
EndGlobal
